
Microsoft Visual Studio Solution File, Format Version 12.00
# Visual Studio Version 17
VisualStudioVersion = 17.6.33829.357
MinimumVisualStudioVersion = 10.0.40219.1
Project("{FAE04EC0-301F-11D3-BF4B-00C04F79EFBC}") = "CrudTest", "CrudTest\CrudTest.csproj", "{D73D785E-4E20-4674-993D-7D594537E104}"
EndProject
Global
	GlobalSection(SolutionConfigurationPlatforms) = preSolution
		Debug|Any CPU = Debug|Any CPU
		Release|Any CPU = Release|Any CPU
	EndGlobalSection
	GlobalSection(ProjectConfigurationPlatforms) = postSolution
		{D73D785E-4E20-4674-993D-7D594537E104}.Debug|Any CPU.ActiveCfg = Debug|Any CPU
		{D73D785E-4E20-4674-993D-7D594537E104}.Debug|Any CPU.Build.0 = Debug|Any CPU
		{D73D785E-4E20-4674-993D-7D594537E104}.Release|Any CPU.ActiveCfg = Release|Any CPU
		{D73D785E-4E20-4674-993D-7D594537E104}.Release|Any CPU.Build.0 = Release|Any CPU
	EndGlobalSection
	GlobalSection(SolutionProperties) = preSolution
		HideSolutionNode = FALSE
	EndGlobalSection
	GlobalSection(ExtensibilityGlobals) = postSolution
		SolutionGuid = {28AD8D9F-E264-40D2-BEE2-D0FEE8F8C6CF}
	EndGlobalSection
EndGlobal
